{
  "version": 4,
  "terraform_version": "0.14.5",
  "serial": 31,
  "lineage": "65789796-3c95-50df-eeff-707eea152c69",
  "outputs": {
    "access_key": {
      "value": [
        "ayneh2R8LcdYwrBU7cYcQeEPHhc+SSLErmcyifd8",
        "rolSdPykPY4CEmD2ejfA15xZ+uRccEl78a4krqp4"
      ],
      "type": [
        "tuple",
        [
          "string",
          "string"
        ]
      ]
    },
    "secret": {
      "value": [
        "AKIAR2K3VGDTAUI5YJHT",
        "AKIAR2K3VGDTDFNYIBE6"
      ],
      "type": [
        "tuple",
        [
          "string",
          "string"
        ]
      ]
    }
  },
  "resources": [
    {
      "mode": "managed",
      "type": "aws_iam_access_key",
      "name": "iam-access-key",
      "provider": "provider[\"registry.terraform.io/hashicorp/aws\"]",
      "instances": [
        {
          "index_key": 0,
          "schema_version": 0,
          "attributes": {
            "create_date": "2021-02-22T12:42:03Z",
            "encrypted_secret": null,
            "id": "AKIAR2K3VGDTAUI5YJHT",
            "key_fingerprint": null,
            "pgp_key": null,
            "secret": "ayneh2R8LcdYwrBU7cYcQeEPHhc+SSLErmcyifd8",
            "ses_smtp_password_v4": "BP628RGNsN+E0HsnQziP1XLTuCjFdPw7HfbLSkD/6P4P",
            "status": "Active",
            "user": "umaru-test-user1"
          },
          "sensitive_attributes": [],
          "private": "bnVsbA==",
          "dependencies": [
            "aws_iam_user.iam-user"
          ]
        },
        {
          "index_key": 1,
          "schema_version": 0,
          "attributes": {
            "create_date": "2021-02-22T12:42:03Z",
            "encrypted_secret": null,
            "id": "AKIAR2K3VGDTDFNYIBE6",
            "key_fingerprint": null,
            "pgp_key": null,
            "secret": "rolSdPykPY4CEmD2ejfA15xZ+uRccEl78a4krqp4",
            "ses_smtp_password_v4": "BMo1byW1b3R4BTi8ZtrO/p8tImdxF3A6za1U9SSLtJGW",
            "status": "Active",
            "user": "umaru-test-user2"
          },
          "sensitive_attributes": [],
          "private": "bnVsbA==",
          "dependencies": [
            "aws_iam_user.iam-user"
          ]
        }
      ]
    },
    {
      "mode": "managed",
      "type": "aws_iam_user",
      "name": "iam-user",
      "provider": "provider[\"registry.terraform.io/hashicorp/aws\"]",
      "instances": [
        {
          "index_key": 0,
          "schema_version": 0,
          "attributes": {
            "arn": "arn:aws:iam::125283152102:user/umaru-test-user1",
            "force_destroy": false,
            "id": "umaru-test-user1",
            "name": "umaru-test-user1",
            "path": "/",
            "permissions_boundary": null,
            "tags": null,
            "unique_id": "AIDAR2K3VGDTPAUAQRZKX"
          },
          "sensitive_attributes": [],
          "private": "bnVsbA=="
        },
        {
          "index_key": 1,
          "schema_version": 0,
          "attributes": {
            "arn": "arn:aws:iam::125283152102:user/umaru-test-user2",
            "force_destroy": false,
            "id": "umaru-test-user2",
            "name": "umaru-test-user2",
            "path": "/",
            "permissions_boundary": null,
            "tags": null,
            "unique_id": "AIDAR2K3VGDTGIFWVARHX"
          },
          "sensitive_attributes": [],
          "private": "bnVsbA=="
        }
      ]
    },
    {
      "mode": "managed",
      "type": "aws_iam_user_policy",
      "name": "iam-user-policy",
      "provider": "provider[\"registry.terraform.io/hashicorp/aws\"]",
      "instances": [
        {
          "index_key": 0,
          "schema_version": 0,
          "attributes": {
            "id": "umaru-test-user1:terraform-20210222124202348800000002",
            "name": null,
            "name_prefix": null,
            "policy": "{\n   \"Version\": \"2012-10-17\",\n   \"Statement\": [\n     {\n       \"Action\": [\n         \"s3:ListAllMyBuckets\"\n       ],\n       \"Effect\": \"Allow\",\n       \"Resource\": \"*\"\n     }\n   ]\n }\n",
            "user": "umaru-test-user1"
          },
          "sensitive_attributes": [],
          "private": "bnVsbA==",
          "dependencies": [
            "aws_iam_user.iam-user"
          ]
        },
        {
          "index_key": 1,
          "schema_version": 0,
          "attributes": {
            "id": "umaru-test-user2:terraform-20210222124202341900000001",
            "name": null,
            "name_prefix": null,
            "policy": "{\n   \"Version\": \"2012-10-17\",\n   \"Statement\": [\n     {\n       \"Action\": [\n         \"s3:ListAllMyBuckets\"\n       ],\n       \"Effect\": \"Allow\",\n       \"Resource\": \"*\"\n     }\n   ]\n }\n",
            "user": "umaru-test-user2"
          },
          "sensitive_attributes": [],
          "private": "bnVsbA==",
          "dependencies": [
            "aws_iam_user.iam-user"
          ]
        }
      ]
    }
  ]
}
